
Microsoft Visual Studio Solution File, Format Version 12.00
# Visual Studio 15
VisualStudioVersion = 15.0.26228.9
MinimumVisualStudioVersion = 10.0.40219.1
Project("{FAE04EC0-301F-11D3-BF4B-00C04F79EFBC}") = "TEAM5OCOS", "TEAM5OCOS\TEAM5OCOS.csproj", "{FA3B3D79-BF74-49B3-835A-E0FB938F8643}"
EndProject
Global
	GlobalSection(SolutionConfigurationPlatforms) = preSolution
		Debug|Any CPU = Debug|Any CPU
		Release|Any CPU = Release|Any CPU
	EndGlobalSection
	GlobalSection(ProjectConfigurationPlatforms) = postSolution
		{FA3B3D79-BF74-49B3-835A-E0FB938F8643}.Debug|Any CPU.ActiveCfg = Debug|Any CPU
		{FA3B3D79-BF74-49B3-835A-E0FB938F8643}.Debug|Any CPU.Build.0 = Debug|Any CPU
		{FA3B3D79-BF74-49B3-835A-E0FB938F8643}.Release|Any CPU.ActiveCfg = Release|Any CPU
		{FA3B3D79-BF74-49B3-835A-E0FB938F8643}.Release|Any CPU.Build.0 = Release|Any CPU
	EndGlobalSection
	GlobalSection(SolutionProperties) = preSolution
		HideSolutionNode = FALSE
	EndGlobalSection
EndGlobal
